// !$*UTF8*$!
{
	archiveVersion = 1;
	classes = {
	};
	objectVersion = 46;
	objects = {

/* Begin PBXBuildFile section */
		A1D7417F1D471D34002C93D3 /* AppDelegate.swift in Sources */ = {isa = PBXBuildFile; fileRef = A1D7417E1D471D34002C93D3 /* AppDelegate.swift */; };
		A1D741811D471D34002C93D3 /* ViewController.swift in Sources */ = {isa = PBXBuildFile; fileRef = A1D741801D471D34002C93D3 /* ViewController.swift */; };
		A1D741841D471D34002C93D3 /* Main.storyboard in Resources */ = {isa = PBXBuildFile; fileRef = A1D741821D471D34002C93D3 /* Main.storyboard */; };
		A1D741861D471D34002C93D3 /* Assets.xcassets in Resources */ = {isa = PBXBuildFile; fileRef = A1D741851D471D34002C93D3 /* Assets.xcassets */; };
		A1D741891D471D34002C93D3 /* LaunchScreen.storyboard in Resources */ = {isa = PBXBuildFile; fileRef = A1D741871D471D34002C93D3 /* LaunchScreen.storyboard */; };
		A1D741931D488421002C93D3 /* PCLNumberBadgeView.swift in Sources */ = {isa = PBXBuildFile; fileRef = A1D741921D488421002C93D3 /* PCLNumberBadgeView.swift */; };
/* End PBXBuildFile section */

/* Begin PBXFileReference section */
		A1D7417B1D471D34002C93D3 /* PCLNumberBadgeView.app */ = {isa = PBXFileReference; explicitFileType = wrapper.application; includeInIndex = 0; path = PCLNumberBadgeView.app; sourceTree = BUILT_PRODUCTS_DIR; };
		A1D7417E1D471D34002C93D3 /* AppDelegate.swift */ = {isa = PBXFileReference; lastKnownFileType = sourcecode.swift; path = AppDelegate.swift; sourceTree = "<group>"; };
		A1D741801D471D34002C93D3 /* ViewController.swift */ = {isa = PBXFileReference; lastKnownFileType = sourcecode.swift; path = ViewController.swift; sourceTree = "<group>"; };
		A1D741831D471D34002C93D3 /* Base */ = {isa = PBXFileReference; lastKnownFileType = file.storyboard; name = Base; path = Base.lproj/Main.storyboard; sourceTree = "<group>"; };
		A1D741851D471D34002C93D3 /* Assets.xcassets */ = {isa = PBXFileReference; lastKnownFileType = folder.assetcatalog; path = Assets.xcassets; sourceTree = "<group>"; };
		A1D741881D471D34002C93D3 /* Base */ = {isa = PBXFileReference; lastKnownFileType = file.storyboard; name = Base; path = Base.lproj/LaunchScreen.storyboard; sourceTree = "<group>"; };
		A1D7418A1D471D34002C93D3 /* Info.plist */ = {isa = PBXFileReference; lastKnownFileType = text.plist.xml; path = Info.plist; sourceTree = "<group>"; };
		A1D741921D488421002C93D3 /* PCLNumberBadgeView.swift */ = {isa = PBXFileReference; fileEncoding = 4; lastKnownFileType = sourcecode.swift; path = PCLNumberBadgeView.swift; sourceTree = "<group>"; };
/* End PBXFileReference section */

/* Begin PBXFrameworksBuildPhase section */
		A1D741781D471D34002C93D3 /* Frameworks */ = {
			isa = PBXFrameworksBuildPhase;
			buildActionMask = 2147483647;
			files = (
			);
			runOnlyForDeploymentPostprocessing = 0;
		};
/* End PBXFrameworksBuildPhase section */

/* Begin PBXGroup section */
		A1D741721D471D34002C93D3 = {
			isa = PBXGroup;
			children = (
				A1D7417D1D471D34002C93D3 /* PCLEventElementView */,
				A1D7417C1D471D34002C93D3 /* Products */,
			);
			sourceTree = "<group>";
		};
		A1D7417C1D471D34002C93D3 /* Products */ = {
			isa = PBXGroup;
			children = (
				A1D7417B1D471D34002C93D3 /* PCLNumberBadgeView.app */,
			);
			name = Products;
			sourceTree = "<group>";
		};
		A1D7417D1D471D34002C93D3 /* PCLEventElementView */ = {
			isa = PBXGroup;
			children = (
				A1D7417E1D471D34002C93D3 /* AppDelegate.swift */,
				A1D741801D471D34002C93D3 /* ViewController.swift */,
				A1D741921D488421002C93D3 /* PCLNumberBadgeView.swift */,
				A1D741821D471D34002C93D3 /* Main.storyboard */,
				A1D741851D471D34002C93D3 /* Assets.xcassets */,
				A1D741871D471D34002C93D3 /* LaunchScreen.storyboard */,
				A1D7418A1D471D34002C93D3 /* Info.plist */,
			);
			path = PCLEventElementView;
			sourceTree = "<group>";
		};
/* End PBXGroup section */

/* Begin PBXNativeTarget section */
		A1D7417A1D471D34002C93D3 /* PCLNumberBadgeView */ = {
			isa = PBXNativeTarget;
			buildConfigurationList = A1D7418D1D471D34002C93D3 /* Build configuration list for PBXNativeTarget "PCLNumberBadgeView" */;
			buildPhases = (
				A1D741771D471D34002C93D3 /* Sources */,
				A1D741781D471D34002C93D3 /* Frameworks */,
				A1D741791D471D34002C93D3 /* Resources */,
			);
			buildRules = (
			);
			dependencies = (
			);
			name = PCLNumberBadgeView;
			productName = PCLEventElementView;
			productReference = A1D7417B1D471D34002C93D3 /* PCLNumberBadgeView.app */;
			productType = "com.apple.product-type.application";
		};
/* End PBXNativeTarget section */

/* Begin PBXProject section */
		A1D741731D471D34002C93D3 /* Project object */ = {
			isa = PBXProject;
			attributes = {
				LastSwiftUpdateCheck = 0730;
				LastUpgradeCheck = 0730;
				ORGANIZATIONNAME = "Pin-Chih";
				TargetAttributes = {
					A1D7417A1D471D34002C93D3 = {
						CreatedOnToolsVersion = 7.3.1;
					};
				};
			};
			buildConfigurationList = A1D741761D471D34002C93D3 /* Build configuration list for PBXProject "PCLNumberBadgeView" */;
			compatibilityVersion = "Xcode 3.2";
			developmentRegion = English;
			hasScannedForEncodings = 0;
			knownRegions = (
				en,
				Base,
			);
			mainGroup = A1D741721D471D34002C93D3;
			productRefGroup = A1D7417C1D471D34002C93D3 /* Products */;
			projectDirPath = "";
			projectRoot = "";
			targets = (
				A1D7417A1D471D34002C93D3 /* PCLNumberBadgeView */,
			);
		};
/* End PBXProject section */

/* Begin PBXResourcesBuildPhase section */
		A1D741791D471D34002C93D3 /* Resources */ = {
			isa = PBXResourcesBuildPhase;
			buildActionMask = 2147483647;
			files = (
				A1D741891D471D34002C93D3 /* LaunchScreen.storyboard in Resources */,
				A1D741861D471D34002C93D3 /* Assets.xcassets in Resources */,
				A1D741841D471D34002C93D3 /* Main.storyboard in Resources */,
			);
			runOnlyForDeploymentPostprocessing = 0;
		};
/* End PBXResourcesBuildPhase section */

/* Begin PBXSourcesBuildPhase section */
		A1D741771D471D34002C93D3 /* Sources */ = {
			isa = PBXSourcesBuildPhase;
			buildActionMask = 2147483647;
			files = (
				A1D741931D488421002C93D3 /* PCLNumberBadgeView.swift in Sources */,
				A1D741811D471D34002C93D3 /* ViewController.swift in Sources */,
				A1D7417F1D471D34002C93D3 /* AppDelegate.swift in Sources */,
			);
			runOnlyForDeploymentPostprocessing = 0;
		};
/* End PBXSourcesBuildPhase section */

/* Begin PBXVariantGroup section */
		A1D741821D471D34002C93D3 /* Main.storyboard */ = {
			isa = PBXVariantGroup;
			children = (
				A1D741831D471D34002C93D3 /* Base */,
			);
			name = Main.storyboard;
			sourceTree = "<group>";
		};
		A1D741871D471D34002C93D3 /* LaunchScreen.storyboard */ = {
			isa = PBXVariantGroup;
			children = (
				A1D741881D471D34002C93D3 /* Base */,
			);
			name = LaunchScreen.storyboard;
			sourceTree = "<group>";
		};
/* End PBXVariantGroup section */

/* Begin XCBuildConfiguration section */
		A1D7418B1D471D34002C93D3 /* Debug */ = {
			isa = XCBuildConfiguration;
			buildSettings = {
				ALWAYS_SEARCH_USER_PATHS = NO;
				CLANG_ANALYZER_NONNULL = YES;
				CLANG_CXX_LANGUAGE_STANDARD = "gnu++0x";
				CLANG_CXX_LIBRARY = "libc++";
				CLANG_ENABLE_MODULES = YES;
				CLANG_ENABLE_OBJC_ARC = YES;
				CLANG_WARN_BOOL_CONVERSION = YES;
				CLANG_WARN_CONSTANT_CONVERSION = YES;
				CLANG_WARN_DIRECT_OBJC_ISA_USAGE = YES_ERROR;
				CLANG_WARN_EMPTY_BODY = YES;
				CLANG_WARN_ENUM_CONVERSION = YES;
				CLANG_WARN_INT_CONVERSION = YES;
				CLANG_WARN_OBJC_ROOT_CLASS = YES_ERROR;
				CLANG_WARN_UNREACHABLE_CODE = YES;
				CLANG_WARN__DUPLICATE_METHOD_MATCH = YES;
				"CODE_SIGN_IDENTITY[sdk=iphoneos*]" = "iPhone Developer";
				COPY_PHASE_STRIP = NO;
				DEBUG_INFORMATION_FORMAT = dwarf;
				ENABLE_STRICT_OBJC_MSGSEND = YES;
				ENABLE_TESTABILITY = YES;
				GCC_C_LANGUAGE_STANDARD = gnu99;
				GCC_DYNAMIC_NO_PIC = NO;
				GCC_NO_COMMON_BLOCKS = YES;
				GCC_OPTIMIZATION_LEVEL = 0;
				GCC_PREPROCESSOR_DEFINITIONS = (
					"DEBUG=1",
					"$(inherited)",
				);
				GCC_WARN_64_TO_32_BIT_CONVERSION = YES;
				GCC_WARN_ABOUT_RETURN_TYPE = YES_ERROR;
				GCC_WARN_UNDECLARED_SELECTOR = YES;
				GCC_WARN_UNINITIALIZED_AUTOS = YES_AGGRESSIVE;
				GCC_WARN_UNUSED_FUNCTION = YES;
				GCC_WARN_UNUSED_VARIABLE = YES;
				IPHONEOS_DEPLOYMENT_TARGET = 9.3;
				MTL_ENABLE_DEBUG_INFO = YES;
				ONLY_ACTIVE_ARCH = YES;
				SDKROOT = iphoneos;
				SWIFT_OPTIMIZATION_LEVEL = "-Onone";
			};
			name = Debug;
		};
		A1D7418C1D471D34002C93D3 /* Release */ = {
			isa = XCBuildConfiguration;
			buildSettings = {
				ALWAYS_SEARCH_USER_PATHS = NO;
				CLANG_ANALYZER_NONNULL = YES;
				CLANG_CXX_LANGUAGE_STANDARD = "gnu++0x";
				CLANG_CXX_LIBRARY = "libc++";
				CLANG_ENABLE_MODULES = YES;
				CLANG_ENABLE_OBJC_ARC = YES;
				CLANG_WARN_BOOL_CONVERSION = YES;
				CLANG_WARN_CONSTANT_CONVERSION = YES;
				CLANG_WARN_DIRECT_OBJC_ISA_USAGE = YES_ERROR;
				CLANG_WARN_EMPTY_BODY = YES;
				CLANG_WARN_ENUM_CONVERSION = YES;
				CLANG_WARN_INT_CONVERSION = YES;
				CLANG_WARN_OBJC_ROOT_CLASS = YES_ERROR;
				CLANG_WARN_UNREACHABLE_CODE = YES;
				CLANG_WARN__DUPLICATE_METHOD_MATCH = YES;
				"CODE_SIGN_IDENTITY[sdk=iphoneos*]" = "iPhone Developer";
				COPY_PHASE_STRIP = NO;
				DEBUG_INFORMATION_FORMAT = "dwarf-with-dsym";
				ENABLE_NS_ASSERTIONS = NO;
				ENABLE_STRICT_OBJC_MSGSEND = YES;
				GCC_C_LANGUAGE_STANDARD = gnu99;
				GCC_NO_COMMON_BLOCKS = YES;
				GCC_WARN_64_TO_32_BIT_CONVERSION = YES;
				GCC_WARN_ABOUT_RETURN_TYPE = YES_ERROR;
				GCC_WARN_UNDECLARED_SELECTOR = YES;
				GCC_WARN_UNINITIALIZED_AUTOS = YES_AGGRESSIVE;
				GCC_WARN_UNUSED_FUNCTION = YES;
				GCC_WARN_UNUSED_VARIABLE = YES;
				IPHONEOS_DEPLOYMENT_TARGET = 9.3;
				MTL_ENABLE_DEBUG_INFO = NO;
				SDKROOT = iphoneos;
				VALIDATE_PRODUCT = YES;
			};
			name = Release;
		};
		A1D7418E1D471D34002C93D3 /* Debug */ = {
			isa = XCBuildConfiguration;
			buildSettings = {
				ASSETCATALOG_COMPILER_APPICON_NAME = AppIcon;
				INFOPLIST_FILE = PCLEventElementView/Info.plist;
				LD_RUNPATH_SEARCH_PATHS = "$(inherited) @executable_path/Frameworks";
				PRODUCT_BUNDLE_IDENTIFIER = com.pinchih.PCLEventElementView;
				PRODUCT_NAME = PCLNumberBadgeView;
			};
			name = Debug;
		};
		A1D7418F1D471D34002C93D3 /* Release */ = {
			isa = XCBuildConfiguration;
			buildSettings = {
				ASSETCATALOG_COMPILER_APPICON_NAME = AppIcon;
				INFOPLIST_FILE = PCLEventElementView/Info.plist;
				LD_RUNPATH_SEARCH_PATHS = "$(inherited) @executable_path/Frameworks";
				PRODUCT_BUNDLE_IDENTIFIER = com.pinchih.PCLEventElementView;
				PRODUCT_NAME = PCLNumberBadgeView;
			};
			name = Release;
		};
/* End XCBuildConfiguration section */

/* Begin XCConfigurationList section */
		A1D741761D471D34002C93D3 /* Build configuration list for PBXProject "PCLNumberBadgeView" */ = {
			isa = XCConfigurationList;
			buildConfigurations = (
				A1D7418B1D471D34002C93D3 /* Debug */,
				A1D7418C1D471D34002C93D3 /* Release */,
			);
			defaultConfigurationIsVisible = 0;
			defaultConfigurationName = Release;
		};
		A1D7418D1D471D34002C93D3 /* Build configuration list for PBXNativeTarget "PCLNumberBadgeView" */ = {
			isa = XCConfigurationList;
			buildConfigurations = (
				A1D7418E1D471D34002C93D3 /* Debug */,
				A1D7418F1D471D34002C93D3 /* Release */,
			);
			defaultConfigurationIsVisible = 0;
			defaultConfigurationName = Release;
		};
/* End XCConfigurationList section */
	};
	rootObject = A1D741731D471D34002C93D3 /* Project object */;
}
